// !$*UTF8*$!
{
	archiveVersion = 1;
	classes = {
	};
	objectVersion = 46;
	objects = {

/* Begin PBXBuildFile section */
		3F0444731E5AAF2B003720D1 /* MovingObject.swift in Sources */ = {isa = PBXBuildFile; fileRef = 3F0444721E5AAF2B003720D1 /* MovingObject.swift */; };
		3F0444751E5AAFC8003720D1 /* Vector.swift in Sources */ = {isa = PBXBuildFile; fileRef = 3F0444741E5AAFC8003720D1 /* Vector.swift */; };
		3F325FBF1E50A9180039B340 /* BubbleType.swift in Sources */ = {isa = PBXBuildFile; fileRef = 3F325FBE1E50A9180039B340 /* BubbleType.swift */; };
		3F325FC11E50A94D0039B340 /* CollisionTypes.swift in Sources */ = {isa = PBXBuildFile; fileRef = 3F325FC01E50A94D0039B340 /* CollisionTypes.swift */; };
		3F325FCA1E50B8770039B340 /* GameEngineTests.swift in Sources */ = {isa = PBXBuildFile; fileRef = 3F325FC91E50B8770039B340 /* GameEngineTests.swift */; };
		3F748CF71E432DF300B895C0 /* AppDelegate.swift in Sources */ = {isa = PBXBuildFile; fileRef = 3F748CF61E432DF300B895C0 /* AppDelegate.swift */; };
		3F748CF91E432DF300B895C0 /* ViewController.swift in Sources */ = {isa = PBXBuildFile; fileRef = 3F748CF81E432DF300B895C0 /* ViewController.swift */; };
		3F748CFC1E432DF300B895C0 /* Main.storyboard in Resources */ = {isa = PBXBuildFile; fileRef = 3F748CFA1E432DF300B895C0 /* Main.storyboard */; };
		3F748CFE1E432DF300B895C0 /* Assets.xcassets in Resources */ = {isa = PBXBuildFile; fileRef = 3F748CFD1E432DF300B895C0 /* Assets.xcassets */; };
		3F748D011E432DF300B895C0 /* LaunchScreen.storyboard in Resources */ = {isa = PBXBuildFile; fileRef = 3F748CFF1E432DF300B895C0 /* LaunchScreen.storyboard */; };
		3F748D0C1E432DF300B895C0 /* GameEngineUITest.swift in Sources */ = {isa = PBXBuildFile; fileRef = 3F748D0B1E432DF300B895C0 /* GameEngineUITest.swift */; };
		3F9F109E1E436AC00088A47D /* Bubble.swift in Sources */ = {isa = PBXBuildFile; fileRef = 3F9F109B1E436AC00088A47D /* Bubble.swift */; };
		3F9F109F1E436AC00088A47D /* BubbleCell.swift in Sources */ = {isa = PBXBuildFile; fileRef = 3F9F109C1E436AC00088A47D /* BubbleCell.swift */; };
		3F9F10A01E436AC00088A47D /* BubbleGrid.swift in Sources */ = {isa = PBXBuildFile; fileRef = 3F9F109D1E436AC00088A47D /* BubbleGrid.swift */; };
		3F9F10A21E436AD20088A47D /* Constants.swift in Sources */ = {isa = PBXBuildFile; fileRef = 3F9F10A11E436AD20088A47D /* Constants.swift */; };
		3F9F10A41E43A1CC0088A47D /* Physics.swift in Sources */ = {isa = PBXBuildFile; fileRef = 3F9F10A31E43A1CC0088A47D /* Physics.swift */; };
		3F9F10A61E43A97A0088A47D /* Controller.swift in Sources */ = {isa = PBXBuildFile; fileRef = 3F9F10A51E43A97A0088A47D /* Controller.swift */; };
		3F9F10AA1E485D540088A47D /* Queue.swift in Sources */ = {isa = PBXBuildFile; fileRef = 3F9F10A91E485D540088A47D /* Queue.swift */; };
		3F9F10B51E4C7E080088A47D /* SurroundingIndexes.swift in Sources */ = {isa = PBXBuildFile; fileRef = 3F9F10B41E4C7E080088A47D /* SurroundingIndexes.swift */; };
/* End PBXBuildFile section */

/* Begin PBXContainerItemProxy section */
		3F325FCC1E50B8770039B340 /* PBXContainerItemProxy */ = {
			isa = PBXContainerItemProxy;
			containerPortal = 3F748CEB1E432DF200B895C0 /* Project object */;
			proxyType = 1;
			remoteGlobalIDString = 3F748CF21E432DF200B895C0;
			remoteInfo = GameEngine;
		};
		3F748D081E432DF300B895C0 /* PBXContainerItemProxy */ = {
			isa = PBXContainerItemProxy;
			containerPortal = 3F748CEB1E432DF200B895C0 /* Project object */;
			proxyType = 1;
			remoteGlobalIDString = 3F748CF21E432DF200B895C0;
			remoteInfo = GameEngine;
		};
/* End PBXContainerItemProxy section */

/* Begin PBXFileReference section */
		3F0444721E5AAF2B003720D1 /* MovingObject.swift */ = {isa = PBXFileReference; fileEncoding = 4; lastKnownFileType = sourcecode.swift; path = MovingObject.swift; sourceTree = "<group>"; };
		3F0444741E5AAFC8003720D1 /* Vector.swift */ = {isa = PBXFileReference; fileEncoding = 4; lastKnownFileType = sourcecode.swift; path = Vector.swift; sourceTree = "<group>"; };
		3F325FBE1E50A9180039B340 /* BubbleType.swift */ = {isa = PBXFileReference; fileEncoding = 4; lastKnownFileType = sourcecode.swift; path = BubbleType.swift; sourceTree = "<group>"; };
		3F325FC01E50A94D0039B340 /* CollisionTypes.swift */ = {isa = PBXFileReference; fileEncoding = 4; lastKnownFileType = sourcecode.swift; path = CollisionTypes.swift; sourceTree = "<group>"; };
		3F325FC71E50B8770039B340 /* GameEngineTests.xctest */ = {isa = PBXFileReference; explicitFileType = wrapper.cfbundle; includeInIndex = 0; path = GameEngineTests.xctest; sourceTree = BUILT_PRODUCTS_DIR; };
		3F325FC91E50B8770039B340 /* GameEngineTests.swift */ = {isa = PBXFileReference; lastKnownFileType = sourcecode.swift; path = GameEngineTests.swift; sourceTree = "<group>"; };
		3F325FCB1E50B8770039B340 /* Info.plist */ = {isa = PBXFileReference; lastKnownFileType = text.plist.xml; path = Info.plist; sourceTree = "<group>"; };
		3F748CF31E432DF300B895C0 /* GameEngine.app */ = {isa = PBXFileReference; explicitFileType = wrapper.application; includeInIndex = 0; path = GameEngine.app; sourceTree = BUILT_PRODUCTS_DIR; };
		3F748CF61E432DF300B895C0 /* AppDelegate.swift */ = {isa = PBXFileReference; lastKnownFileType = sourcecode.swift; path = AppDelegate.swift; sourceTree = "<group>"; };
		3F748CF81E432DF300B895C0 /* ViewController.swift */ = {isa = PBXFileReference; lastKnownFileType = sourcecode.swift; path = ViewController.swift; sourceTree = "<group>"; };
		3F748CFB1E432DF300B895C0 /* Base */ = {isa = PBXFileReference; lastKnownFileType = file.storyboard; name = Base; path = Base.lproj/Main.storyboard; sourceTree = "<group>"; };
		3F748CFD1E432DF300B895C0 /* Assets.xcassets */ = {isa = PBXFileReference; lastKnownFileType = folder.assetcatalog; path = Assets.xcassets; sourceTree = "<group>"; };
		3F748D001E432DF300B895C0 /* Base */ = {isa = PBXFileReference; lastKnownFileType = file.storyboard; name = Base; path = Base.lproj/LaunchScreen.storyboard; sourceTree = "<group>"; };
		3F748D021E432DF300B895C0 /* Info.plist */ = {isa = PBXFileReference; lastKnownFileType = text.plist.xml; path = Info.plist; sourceTree = "<group>"; };
		3F748D071E432DF300B895C0 /* GameEngineUITests.xctest */ = {isa = PBXFileReference; explicitFileType = wrapper.cfbundle; includeInIndex = 0; path = GameEngineUITests.xctest; sourceTree = BUILT_PRODUCTS_DIR; };
		3F748D0B1E432DF300B895C0 /* GameEngineUITest.swift */ = {isa = PBXFileReference; lastKnownFileType = sourcecode.swift; path = GameEngineUITest.swift; sourceTree = "<group>"; };
		3F748D0D1E432DF300B895C0 /* Info.plist */ = {isa = PBXFileReference; lastKnownFileType = text.plist.xml; path = Info.plist; sourceTree = "<group>"; };
		3F9F109B1E436AC00088A47D /* Bubble.swift */ = {isa = PBXFileReference; fileEncoding = 4; lastKnownFileType = sourcecode.swift; path = Bubble.swift; sourceTree = "<group>"; };
		3F9F109C1E436AC00088A47D /* BubbleCell.swift */ = {isa = PBXFileReference; fileEncoding = 4; lastKnownFileType = sourcecode.swift; path = BubbleCell.swift; sourceTree = "<group>"; };
		3F9F109D1E436AC00088A47D /* BubbleGrid.swift */ = {isa = PBXFileReference; fileEncoding = 4; lastKnownFileType = sourcecode.swift; path = BubbleGrid.swift; sourceTree = "<group>"; };
		3F9F10A11E436AD20088A47D /* Constants.swift */ = {isa = PBXFileReference; fileEncoding = 4; lastKnownFileType = sourcecode.swift; path = Constants.swift; sourceTree = "<group>"; };
		3F9F10A31E43A1CC0088A47D /* Physics.swift */ = {isa = PBXFileReference; fileEncoding = 4; lastKnownFileType = sourcecode.swift; path = Physics.swift; sourceTree = "<group>"; };
		3F9F10A51E43A97A0088A47D /* Controller.swift */ = {isa = PBXFileReference; fileEncoding = 4; lastKnownFileType = sourcecode.swift; path = Controller.swift; sourceTree = "<group>"; };
		3F9F10A91E485D540088A47D /* Queue.swift */ = {isa = PBXFileReference; fileEncoding = 4; lastKnownFileType = sourcecode.swift; path = Queue.swift; sourceTree = "<group>"; };
		3F9F10B41E4C7E080088A47D /* SurroundingIndexes.swift */ = {isa = PBXFileReference; fileEncoding = 4; lastKnownFileType = sourcecode.swift; path = SurroundingIndexes.swift; sourceTree = "<group>"; };
/* End PBXFileReference section */

/* Begin PBXFrameworksBuildPhase section */
		3F325FC41E50B8770039B340 /* Frameworks */ = {
			isa = PBXFrameworksBuildPhase;
			buildActionMask = 2147483647;
			files = (
			);
			runOnlyForDeploymentPostprocessing = 0;
		};
		3F748CF01E432DF200B895C0 /* Frameworks */ = {
			isa = PBXFrameworksBuildPhase;
			buildActionMask = 2147483647;
			files = (
			);
			runOnlyForDeploymentPostprocessing = 0;
		};
		3F748D041E432DF300B895C0 /* Frameworks */ = {
			isa = PBXFrameworksBuildPhase;
			buildActionMask = 2147483647;
			files = (
			);
			runOnlyForDeploymentPostprocessing = 0;
		};
/* End PBXFrameworksBuildPhase section */

/* Begin PBXGroup section */
		3F325FC81E50B8770039B340 /* GameEngineTests */ = {
			isa = PBXGroup;
			children = (
				3F325FC91E50B8770039B340 /* GameEngineTests.swift */,
				3F325FCB1E50B8770039B340 /* Info.plist */,
			);
			path = GameEngineTests;
			sourceTree = "<group>";
		};
		3F748CEA1E432DF200B895C0 = {
			isa = PBXGroup;
			children = (
				3F748CF51E432DF300B895C0 /* GameEngine */,
				3F748D0A1E432DF300B895C0 /* GameEngineUITests */,
				3F325FC81E50B8770039B340 /* GameEngineTests */,
				3F748CF41E432DF300B895C0 /* Products */,
			);
			sourceTree = "<group>";
		};
		3F748CF41E432DF300B895C0 /* Products */ = {
			isa = PBXGroup;
			children = (
				3F748CF31E432DF300B895C0 /* GameEngine.app */,
				3F748D071E432DF300B895C0 /* GameEngineUITests.xctest */,
				3F325FC71E50B8770039B340 /* GameEngineTests.xctest */,
			);
			name = Products;
			sourceTree = "<group>";
		};
		3F748CF51E432DF300B895C0 /* GameEngine */ = {
			isa = PBXGroup;
			children = (
				3F748CF61E432DF300B895C0 /* AppDelegate.swift */,
				3F9F10B01E4C39AA0088A47D /* View */,
				3F9F10B11E4C39B50088A47D /* Controller */,
				3F9F10B21E4C39C00088A47D /* Model */,
				3F748CFD1E432DF300B895C0 /* Assets.xcassets */,
				3F748CFF1E432DF300B895C0 /* LaunchScreen.storyboard */,
				3F748D021E432DF300B895C0 /* Info.plist */,
			);
			path = GameEngine;
			sourceTree = "<group>";
		};
		3F748D0A1E432DF300B895C0 /* GameEngineUITests */ = {
			isa = PBXGroup;
			children = (
				3F748D0B1E432DF300B895C0 /* GameEngineUITest.swift */,
				3F748D0D1E432DF300B895C0 /* Info.plist */,
			);
			path = GameEngineUITests;
			sourceTree = "<group>";
		};
		3F9F10B01E4C39AA0088A47D /* View */ = {
			isa = PBXGroup;
			children = (
				3F9F109C1E436AC00088A47D /* BubbleCell.swift */,
				3F748CF81E432DF300B895C0 /* ViewController.swift */,
				3F748CFA1E432DF300B895C0 /* Main.storyboard */,
			);
			name = View;
			sourceTree = "<group>";
		};
		3F9F10B11E4C39B50088A47D /* Controller */ = {
			isa = PBXGroup;
			children = (
				3F9F10A51E43A97A0088A47D /* Controller.swift */,
				3F9F10A31E43A1CC0088A47D /* Physics.swift */,
			);
			name = Controller;
			sourceTree = "<group>";
		};
		3F9F10B21E4C39C00088A47D /* Model */ = {
			isa = PBXGroup;
			children = (
				3F9F10A91E485D540088A47D /* Queue.swift */,
				3F9F109B1E436AC00088A47D /* Bubble.swift */,
				3F9F109D1E436AC00088A47D /* BubbleGrid.swift */,
				3F9F10A11E436AD20088A47D /* Constants.swift */,
				3F325FC01E50A94D0039B340 /* CollisionTypes.swift */,
				3F325FBE1E50A9180039B340 /* BubbleType.swift */,
				3F9F10B41E4C7E080088A47D /* SurroundingIndexes.swift */,
				3F0444721E5AAF2B003720D1 /* MovingObject.swift */,
				3F0444741E5AAFC8003720D1 /* Vector.swift */,
			);
			name = Model;
			sourceTree = "<group>";
		};
/* End PBXGroup section */

/* Begin PBXNativeTarget section */
		3F325FC61E50B8770039B340 /* GameEngineTests */ = {
			isa = PBXNativeTarget;
			buildConfigurationList = 3F325FCE1E50B8770039B340 /* Build configuration list for PBXNativeTarget "GameEngineTests" */;
			buildPhases = (
				3F325FC31E50B8770039B340 /* Sources */,
				3F325FC41E50B8770039B340 /* Frameworks */,
				3F325FC51E50B8770039B340 /* Resources */,
			);
			buildRules = (
			);
			dependencies = (
				3F325FCD1E50B8770039B340 /* PBXTargetDependency */,
			);
			name = GameEngineTests;
			productName = GameEngineTests;
			productReference = 3F325FC71E50B8770039B340 /* GameEngineTests.xctest */;
			productType = "com.apple.product-type.bundle.unit-test";
		};
		3F748CF21E432DF200B895C0 /* GameEngine */ = {
			isa = PBXNativeTarget;
			buildConfigurationList = 3F748D101E432DF300B895C0 /* Build configuration list for PBXNativeTarget "GameEngine" */;
			buildPhases = (
				3F748CEF1E432DF200B895C0 /* Sources */,
				3F748CF01E432DF200B895C0 /* Frameworks */,
				3F748CF11E432DF200B895C0 /* Resources */,
				3F9F10B31E4C70D80088A47D /* ShellScript */,
			);
			buildRules = (
			);
			dependencies = (
			);
			name = GameEngine;
			productName = GameEngine;
			productReference = 3F748CF31E432DF300B895C0 /* GameEngine.app */;
			productType = "com.apple.product-type.application";
		};
		3F748D061E432DF300B895C0 /* GameEngineUITests */ = {
			isa = PBXNativeTarget;
			buildConfigurationList = 3F748D131E432DF300B895C0 /* Build configuration list for PBXNativeTarget "GameEngineUITests" */;
			buildPhases = (
				3F748D031E432DF300B895C0 /* Sources */,
				3F748D041E432DF300B895C0 /* Frameworks */,
				3F748D051E432DF300B895C0 /* Resources */,
			);
			buildRules = (
			);
			dependencies = (
				3F748D091E432DF300B895C0 /* PBXTargetDependency */,
			);
			name = GameEngineUITests;
			productName = GameEngineUITests;
			productReference = 3F748D071E432DF300B895C0 /* GameEngineUITests.xctest */;
			productType = "com.apple.product-type.bundle.ui-testing";
		};
/* End PBXNativeTarget section */

/* Begin PBXProject section */
		3F748CEB1E432DF200B895C0 /* Project object */ = {
			isa = PBXProject;
			attributes = {
				LastSwiftUpdateCheck = 0820;
				LastUpgradeCheck = 0820;
				ORGANIZATIONNAME = nus.cs3217.a0139963n;
				TargetAttributes = {
					3F325FC61E50B8770039B340 = {
						CreatedOnToolsVersion = 8.2.1;
						DevelopmentTeam = M8AKB2VXQH;
						ProvisioningStyle = Automatic;
						TestTargetID = 3F748CF21E432DF200B895C0;
					};
					3F748CF21E432DF200B895C0 = {
						CreatedOnToolsVersion = 8.2.1;
						DevelopmentTeam = M8AKB2VXQH;
						ProvisioningStyle = Automatic;
					};
					3F748D061E432DF300B895C0 = {
						CreatedOnToolsVersion = 8.2.1;
						DevelopmentTeam = M8AKB2VXQH;
						ProvisioningStyle = Automatic;
						TestTargetID = 3F748CF21E432DF200B895C0;
					};
				};
			};
			buildConfigurationList = 3F748CEE1E432DF200B895C0 /* Build configuration list for PBXProject "GameEngine" */;
			compatibilityVersion = "Xcode 3.2";
			developmentRegion = English;
			hasScannedForEncodings = 0;
			knownRegions = (
				en,
				Base,
			);
			mainGroup = 3F748CEA1E432DF200B895C0;
			productRefGroup = 3F748CF41E432DF300B895C0 /* Products */;
			projectDirPath = "";
			projectRoot = "";
			targets = (
				3F748CF21E432DF200B895C0 /* GameEngine */,
				3F748D061E432DF300B895C0 /* GameEngineUITests */,
				3F325FC61E50B8770039B340 /* GameEngineTests */,
			);
		};
/* End PBXProject section */

/* Begin PBXResourcesBuildPhase section */
		3F325FC51E50B8770039B340 /* Resources */ = {
			isa = PBXResourcesBuildPhase;
			buildActionMask = 2147483647;
			files = (
			);
			runOnlyForDeploymentPostprocessing = 0;
		};
		3F748CF11E432DF200B895C0 /* Resources */ = {
			isa = PBXResourcesBuildPhase;
			buildActionMask = 2147483647;
			files = (
				3F748D011E432DF300B895C0 /* LaunchScreen.storyboard in Resources */,
				3F748CFE1E432DF300B895C0 /* Assets.xcassets in Resources */,
				3F748CFC1E432DF300B895C0 /* Main.storyboard in Resources */,
			);
			runOnlyForDeploymentPostprocessing = 0;
		};
		3F748D051E432DF300B895C0 /* Resources */ = {
			isa = PBXResourcesBuildPhase;
			buildActionMask = 2147483647;
			files = (
			);
			runOnlyForDeploymentPostprocessing = 0;
		};
/* End PBXResourcesBuildPhase section */

/* Begin PBXShellScriptBuildPhase section */
		3F9F10B31E4C70D80088A47D /* ShellScript */ = {
			isa = PBXShellScriptBuildPhase;
			buildActionMask = 2147483647;
			files = (
			);
			inputPaths = (
			);
			outputPaths = (
			);
			runOnlyForDeploymentPostprocessing = 0;
			shellPath = /bin/sh;
			shellScript = "";
		};
/* End PBXShellScriptBuildPhase section */

/* Begin PBXSourcesBuildPhase section */
		3F325FC31E50B8770039B340 /* Sources */ = {
			isa = PBXSourcesBuildPhase;
			buildActionMask = 2147483647;
			files = (
				3F325FCA1E50B8770039B340 /* GameEngineTests.swift in Sources */,
			);
			runOnlyForDeploymentPostprocessing = 0;
		};
		3F748CEF1E432DF200B895C0 /* Sources */ = {
			isa = PBXSourcesBuildPhase;
			buildActionMask = 2147483647;
			files = (
				3F748CF91E432DF300B895C0 /* ViewController.swift in Sources */,
				3F9F109F1E436AC00088A47D /* BubbleCell.swift in Sources */,
				3F748CF71E432DF300B895C0 /* AppDelegate.swift in Sources */,
				3F9F10A21E436AD20088A47D /* Constants.swift in Sources */,
				3F325FBF1E50A9180039B340 /* BubbleType.swift in Sources */,
				3F9F109E1E436AC00088A47D /* Bubble.swift in Sources */,
				3F9F10B51E4C7E080088A47D /* SurroundingIndexes.swift in Sources */,
				3F9F10AA1E485D540088A47D /* Queue.swift in Sources */,
				3F0444731E5AAF2B003720D1 /* MovingObject.swift in Sources */,
				3F325FC11E50A94D0039B340 /* CollisionTypes.swift in Sources */,
				3F0444751E5AAFC8003720D1 /* Vector.swift in Sources */,
				3F9F10A41E43A1CC0088A47D /* Physics.swift in Sources */,
				3F9F10A01E436AC00088A47D /* BubbleGrid.swift in Sources */,
				3F9F10A61E43A97A0088A47D /* Controller.swift in Sources */,
			);
			runOnlyForDeploymentPostprocessing = 0;
		};
		3F748D031E432DF300B895C0 /* Sources */ = {
			isa = PBXSourcesBuildPhase;
			buildActionMask = 2147483647;
			files = (
				3F748D0C1E432DF300B895C0 /* GameEngineUITest.swift in Sources */,
			);
			runOnlyForDeploymentPostprocessing = 0;
		};
/* End PBXSourcesBuildPhase section */

/* Begin PBXTargetDependency section */
		3F325FCD1E50B8770039B340 /* PBXTargetDependency */ = {
			isa = PBXTargetDependency;
			target = 3F748CF21E432DF200B895C0 /* GameEngine */;
			targetProxy = 3F325FCC1E50B8770039B340 /* PBXContainerItemProxy */;
		};
		3F748D091E432DF300B895C0 /* PBXTargetDependency */ = {
			isa = PBXTargetDependency;
			target = 3F748CF21E432DF200B895C0 /* GameEngine */;
			targetProxy = 3F748D081E432DF300B895C0 /* PBXContainerItemProxy */;
		};
/* End PBXTargetDependency section */

/* Begin PBXVariantGroup section */
		3F748CFA1E432DF300B895C0 /* Main.storyboard */ = {
			isa = PBXVariantGroup;
			children = (
				3F748CFB1E432DF300B895C0 /* Base */,
			);
			name = Main.storyboard;
			sourceTree = "<group>";
		};
		3F748CFF1E432DF300B895C0 /* LaunchScreen.storyboard */ = {
			isa = PBXVariantGroup;
			children = (
				3F748D001E432DF300B895C0 /* Base */,
			);
			name = LaunchScreen.storyboard;
			sourceTree = "<group>";
		};
/* End PBXVariantGroup section */

/* Begin XCBuildConfiguration section */
		3F325FCF1E50B8770039B340 /* Debug */ = {
			isa = XCBuildConfiguration;
			buildSettings = {
				BUNDLE_LOADER = "$(TEST_HOST)";
				DEVELOPMENT_TEAM = M8AKB2VXQH;
				INFOPLIST_FILE = GameEngineTests/Info.plist;
				LD_RUNPATH_SEARCH_PATHS = "$(inherited) @executable_path/Frameworks @loader_path/Frameworks";
				PRODUCT_BUNDLE_IDENTIFIER = nus.cs3217.a0139963n.GameEngineTests;
				PRODUCT_NAME = "$(TARGET_NAME)";
				SWIFT_VERSION = 3.0;
				TEST_HOST = "$(BUILT_PRODUCTS_DIR)/GameEngine.app/GameEngine";
			};
			name = Debug;
		};
		3F325FD01E50B8770039B340 /* Release */ = {
			isa = XCBuildConfiguration;
			buildSettings = {
				BUNDLE_LOADER = "$(TEST_HOST)";
				DEVELOPMENT_TEAM = M8AKB2VXQH;
				INFOPLIST_FILE = GameEngineTests/Info.plist;
				LD_RUNPATH_SEARCH_PATHS = "$(inherited) @executable_path/Frameworks @loader_path/Frameworks";
				PRODUCT_BUNDLE_IDENTIFIER = nus.cs3217.a0139963n.GameEngineTests;
				PRODUCT_NAME = "$(TARGET_NAME)";
				SWIFT_VERSION = 3.0;
				TEST_HOST = "$(BUILT_PRODUCTS_DIR)/GameEngine.app/GameEngine";
			};
			name = Release;
		};
		3F748D0E1E432DF300B895C0 /* Debug */ = {
			isa = XCBuildConfiguration;
			buildSettings = {
				ALWAYS_SEARCH_USER_PATHS = NO;
				CLANG_ANALYZER_NONNULL = YES;
				CLANG_CXX_LANGUAGE_STANDARD = "gnu++0x";
				CLANG_CXX_LIBRARY = "libc++";
				CLANG_ENABLE_MODULES = YES;
				CLANG_ENABLE_OBJC_ARC = YES;
				CLANG_WARN_BOOL_CONVERSION = YES;
				CLANG_WARN_CONSTANT_CONVERSION = YES;
				CLANG_WARN_DIRECT_OBJC_ISA_USAGE = YES_ERROR;
				CLANG_WARN_DOCUMENTATION_COMMENTS = YES;
				CLANG_WARN_EMPTY_BODY = YES;
				CLANG_WARN_ENUM_CONVERSION = YES;
				CLANG_WARN_INFINITE_RECURSION = YES;
				CLANG_WARN_INT_CONVERSION = YES;
				CLANG_WARN_OBJC_ROOT_CLASS = YES_ERROR;
				CLANG_WARN_SUSPICIOUS_MOVE = YES;
				CLANG_WARN_UNREACHABLE_CODE = YES;
				CLANG_WARN__DUPLICATE_METHOD_MATCH = YES;
				"CODE_SIGN_IDENTITY[sdk=iphoneos*]" = "iPhone Developer";
				COPY_PHASE_STRIP = NO;
				DEBUG_INFORMATION_FORMAT = dwarf;
				ENABLE_STRICT_OBJC_MSGSEND = YES;
				ENABLE_TESTABILITY = YES;
				GCC_C_LANGUAGE_STANDARD = gnu99;
				GCC_DYNAMIC_NO_PIC = NO;
				GCC_NO_COMMON_BLOCKS = YES;
				GCC_OPTIMIZATION_LEVEL = 0;
				GCC_PREPROCESSOR_DEFINITIONS = (
					"DEBUG=1",
					"$(inherited)",
				);
				GCC_WARN_64_TO_32_BIT_CONVERSION = YES;
				GCC_WARN_ABOUT_RETURN_TYPE = YES_ERROR;
				GCC_WARN_UNDECLARED_SELECTOR = YES;
				GCC_WARN_UNINITIALIZED_AUTOS = YES_AGGRESSIVE;
				GCC_WARN_UNUSED_FUNCTION = YES;
				GCC_WARN_UNUSED_VARIABLE = YES;
				IPHONEOS_DEPLOYMENT_TARGET = 10.2;
				MTL_ENABLE_DEBUG_INFO = YES;
				ONLY_ACTIVE_ARCH = YES;
				SDKROOT = iphoneos;
				SWIFT_ACTIVE_COMPILATION_CONDITIONS = DEBUG;
				SWIFT_OPTIMIZATION_LEVEL = "-Onone";
				TARGETED_DEVICE_FAMILY = 2;
			};
			name = Debug;
		};
		3F748D0F1E432DF300B895C0 /* Release */ = {
			isa = XCBuildConfiguration;
			buildSettings = {
				ALWAYS_SEARCH_USER_PATHS = NO;
				CLANG_ANALYZER_NONNULL = YES;
				CLANG_CXX_LANGUAGE_STANDARD = "gnu++0x";
				CLANG_CXX_LIBRARY = "libc++";
				CLANG_ENABLE_MODULES = YES;
				CLANG_ENABLE_OBJC_ARC = YES;
				CLANG_WARN_BOOL_CONVERSION = YES;
				CLANG_WARN_CONSTANT_CONVERSION = YES;
				CLANG_WARN_DIRECT_OBJC_ISA_USAGE = YES_ERROR;
				CLANG_WARN_DOCUMENTATION_COMMENTS = YES;
				CLANG_WARN_EMPTY_BODY = YES;
				CLANG_WARN_ENUM_CONVERSION = YES;
				CLANG_WARN_INFINITE_RECURSION = YES;
				CLANG_WARN_INT_CONVERSION = YES;
				CLANG_WARN_OBJC_ROOT_CLASS = YES_ERROR;
				CLANG_WARN_SUSPICIOUS_MOVE = YES;
				CLANG_WARN_UNREACHABLE_CODE = YES;
				CLANG_WARN__DUPLICATE_METHOD_MATCH = YES;
				"CODE_SIGN_IDENTITY[sdk=iphoneos*]" = "iPhone Developer";
				COPY_PHASE_STRIP = NO;
				DEBUG_INFORMATION_FORMAT = "dwarf-with-dsym";
				ENABLE_NS_ASSERTIONS = NO;
				ENABLE_STRICT_OBJC_MSGSEND = YES;
				GCC_C_LANGUAGE_STANDARD = gnu99;
				GCC_NO_COMMON_BLOCKS = YES;
				GCC_WARN_64_TO_32_BIT_CONVERSION = YES;
				GCC_WARN_ABOUT_RETURN_TYPE = YES_ERROR;
				GCC_WARN_UNDECLARED_SELECTOR = YES;
				GCC_WARN_UNINITIALIZED_AUTOS = YES_AGGRESSIVE;
				GCC_WARN_UNUSED_FUNCTION = YES;
				GCC_WARN_UNUSED_VARIABLE = YES;
				IPHONEOS_DEPLOYMENT_TARGET = 10.2;
				MTL_ENABLE_DEBUG_INFO = NO;
				SDKROOT = iphoneos;
				SWIFT_OPTIMIZATION_LEVEL = "-Owholemodule";
				TARGETED_DEVICE_FAMILY = 2;
				VALIDATE_PRODUCT = YES;
			};
			name = Release;
		};
		3F748D111E432DF300B895C0 /* Debug */ = {
			isa = XCBuildConfiguration;
			buildSettings = {
				ASSETCATALOG_COMPILER_APPICON_NAME = AppIcon;
				DEVELOPMENT_TEAM = M8AKB2VXQH;
				INFOPLIST_FILE = GameEngine/Info.plist;
				LD_RUNPATH_SEARCH_PATHS = "$(inherited) @executable_path/Frameworks";
				PRODUCT_BUNDLE_IDENTIFIER = nus.cs3217.a0139963n.GameEngine;
				PRODUCT_NAME = "$(TARGET_NAME)";
				SWIFT_VERSION = 3.0;
			};
			name = Debug;
		};
		3F748D121E432DF300B895C0 /* Release */ = {
			isa = XCBuildConfiguration;
			buildSettings = {
				ASSETCATALOG_COMPILER_APPICON_NAME = AppIcon;
				DEVELOPMENT_TEAM = M8AKB2VXQH;
				INFOPLIST_FILE = GameEngine/Info.plist;
				LD_RUNPATH_SEARCH_PATHS = "$(inherited) @executable_path/Frameworks";
				PRODUCT_BUNDLE_IDENTIFIER = nus.cs3217.a0139963n.GameEngine;
				PRODUCT_NAME = "$(TARGET_NAME)";
				SWIFT_VERSION = 3.0;
			};
			name = Release;
		};
		3F748D141E432DF300B895C0 /* Debug */ = {
			isa = XCBuildConfiguration;
			buildSettings = {
				ALWAYS_EMBED_SWIFT_STANDARD_LIBRARIES = YES;
				DEVELOPMENT_TEAM = M8AKB2VXQH;
				INFOPLIST_FILE = GameEngineUITests/Info.plist;
				LD_RUNPATH_SEARCH_PATHS = "$(inherited) @executable_path/Frameworks @loader_path/Frameworks";
				PRODUCT_BUNDLE_IDENTIFIER = nus.cs3217.a0139963n.GameEngineUITests;
				PRODUCT_NAME = "$(TARGET_NAME)";
				SWIFT_VERSION = 3.0;
				TEST_TARGET_NAME = GameEngine;
			};
			name = Debug;
		};
		3F748D151E432DF300B895C0 /* Release */ = {
			isa = XCBuildConfiguration;
			buildSettings = {
				ALWAYS_EMBED_SWIFT_STANDARD_LIBRARIES = YES;
				DEVELOPMENT_TEAM = M8AKB2VXQH;
				INFOPLIST_FILE = GameEngineUITests/Info.plist;
				LD_RUNPATH_SEARCH_PATHS = "$(inherited) @executable_path/Frameworks @loader_path/Frameworks";
				PRODUCT_BUNDLE_IDENTIFIER = nus.cs3217.a0139963n.GameEngineUITests;
				PRODUCT_NAME = "$(TARGET_NAME)";
				SWIFT_VERSION = 3.0;
				TEST_TARGET_NAME = GameEngine;
			};
			name = Release;
		};
/* End XCBuildConfiguration section */

/* Begin XCConfigurationList section */
		3F325FCE1E50B8770039B340 /* Build configuration list for PBXNativeTarget "GameEngineTests" */ = {
			isa = XCConfigurationList;
			buildConfigurations = (
				3F325FCF1E50B8770039B340 /* Debug */,
				3F325FD01E50B8770039B340 /* Release */,
			);
			defaultConfigurationIsVisible = 0;
			defaultConfigurationName = Release;
		};
		3F748CEE1E432DF200B895C0 /* Build configuration list for PBXProject "GameEngine" */ = {
			isa = XCConfigurationList;
			buildConfigurations = (
				3F748D0E1E432DF300B895C0 /* Debug */,
				3F748D0F1E432DF300B895C0 /* Release */,
			);
			defaultConfigurationIsVisible = 0;
			defaultConfigurationName = Release;
		};
		3F748D101E432DF300B895C0 /* Build configuration list for PBXNativeTarget "GameEngine" */ = {
			isa = XCConfigurationList;
			buildConfigurations = (
				3F748D111E432DF300B895C0 /* Debug */,
				3F748D121E432DF300B895C0 /* Release */,
			);
			defaultConfigurationIsVisible = 0;
			defaultConfigurationName = Release;
		};
		3F748D131E432DF300B895C0 /* Build configuration list for PBXNativeTarget "GameEngineUITests" */ = {
			isa = XCConfigurationList;
			buildConfigurations = (
				3F748D141E432DF300B895C0 /* Debug */,
				3F748D151E432DF300B895C0 /* Release */,
			);
			defaultConfigurationIsVisible = 0;
			defaultConfigurationName = Release;
		};
/* End XCConfigurationList section */
	};
	rootObject = 3F748CEB1E432DF200B895C0 /* Project object */;
}
